// !$*UTF8*$!
{
	archiveVersion = 1;
	classes = {
	};
	objectVersion = 56;
	objects = {

/* Begin PBXBuildFile section */
		5D0CE3372AFD1D6600065DF2 /* AppDelegate.swift in Sources */ = {isa = PBXBuildFile; fileRef = 5D0CE3362AFD1D6600065DF2 /* AppDelegate.swift */; };
		5D0CE3392AFD1D6600065DF2 /* SceneDelegate.swift in Sources */ = {isa = PBXBuildFile; fileRef = 5D0CE3382AFD1D6600065DF2 /* SceneDelegate.swift */; };
		5D0CE33B2AFD1D6600065DF2 /* LogInViewController.swift in Sources */ = {isa = PBXBuildFile; fileRef = 5D0CE33A2AFD1D6600065DF2 /* LogInViewController.swift */; };
		5D0CE33E2AFD1D6600065DF2 /* Main.storyboard in Resources */ = {isa = PBXBuildFile; fileRef = 5D0CE33C2AFD1D6600065DF2 /* Main.storyboard */; };
		5D0CE3412AFD1D6600065DF2 /* poly.xcdatamodeld in Sources */ = {isa = PBXBuildFile; fileRef = 5D0CE33F2AFD1D6600065DF2 /* poly.xcdatamodeld */; };
		5D0CE3432AFD1D6B00065DF2 /* Assets.xcassets in Resources */ = {isa = PBXBuildFile; fileRef = 5D0CE3422AFD1D6B00065DF2 /* Assets.xcassets */; };
		5D0CE3462AFD1D6B00065DF2 /* LaunchScreen.storyboard in Resources */ = {isa = PBXBuildFile; fileRef = 5D0CE3442AFD1D6B00065DF2 /* LaunchScreen.storyboard */; };
		5D0CE34E2AFD1EF100065DF2 /* assets in Resources */ = {isa = PBXBuildFile; fileRef = 5D0CE34D2AFD1EF100065DF2 /* assets */; };
		5D0CE3522AFD288D00065DF2 /* SignUpViewController.swift in Sources */ = {isa = PBXBuildFile; fileRef = 5D0CE3512AFD288D00065DF2 /* SignUpViewController.swift */; };
		5D0CE3542AFD28E800065DF2 /* GameViewController.swift in Sources */ = {isa = PBXBuildFile; fileRef = 5D0CE3532AFD28E800065DF2 /* GameViewController.swift */; };
		5D0CE3562AFD28F400065DF2 /* StudyViewController.swift in Sources */ = {isa = PBXBuildFile; fileRef = 5D0CE3552AFD28F400065DF2 /* StudyViewController.swift */; };
		5D0CE3582AFD290100065DF2 /* ResultViewController.swift in Sources */ = {isa = PBXBuildFile; fileRef = 5D0CE3572AFD290100065DF2 /* ResultViewController.swift */; };
		5D0CE35A2AFD291800065DF2 /* VerbSelectionViewController.swift in Sources */ = {isa = PBXBuildFile; fileRef = 5D0CE3592AFD291800065DF2 /* VerbSelectionViewController.swift */; };
		5D0CE35D2AFD295700065DF2 /* UserModel.swift in Sources */ = {isa = PBXBuildFile; fileRef = 5D0CE35C2AFD295700065DF2 /* UserModel.swift */; };
		5D0CE35F2AFD296300065DF2 /* VerbModel.swift in Sources */ = {isa = PBXBuildFile; fileRef = 5D0CE35E2AFD296300065DF2 /* VerbModel.swift */; };
		5D57E3FE2B03CAE40079D2ED /* enumSegue.swift in Sources */ = {isa = PBXBuildFile; fileRef = 5D57E3FD2B03CAE40079D2ED /* enumSegue.swift */; };
		5D57E4002B03D1870079D2ED /* MockData.swift in Sources */ = {isa = PBXBuildFile; fileRef = 5D57E3FF2B03D1870079D2ED /* MockData.swift */; };
		5D57E4022B03D5610079D2ED /* GameModel.swift in Sources */ = {isa = PBXBuildFile; fileRef = 5D57E4012B03D5610079D2ED /* GameModel.swift */; };
		5D7837172B18D0F30077919D /* UsersProvider.swift in Sources */ = {isa = PBXBuildFile; fileRef = 5D7837162B18D0F30077919D /* UsersProvider.swift */; };
		5D7837192B18D3A10077919D /* isolateVerb.swift in Sources */ = {isa = PBXBuildFile; fileRef = 5D7837182B18D3A10077919D /* isolateVerb.swift */; };
		5D78371B2B18D4060077919D /* createDisplayPhrase.swift in Sources */ = {isa = PBXBuildFile; fileRef = 5D78371A2B18D4060077919D /* createDisplayPhrase.swift */; };
		5D7837812B1F78930077919D /* Context.swift in Sources */ = {isa = PBXBuildFile; fileRef = 5D7837802B1F78930077919D /* Context.swift */; };
		5DB9F76E2B1645C600D0B258 /* Toast.swift in Sources */ = {isa = PBXBuildFile; fileRef = 5DB9F76D2B1645C600D0B258 /* Toast.swift */; };
		5DBD5DCF2B2210BD005E8BD2 /* UsersProvider.swift in Sources */ = {isa = PBXBuildFile; fileRef = 5DBD5DBE2B2210BD005E8BD2 /* UsersProvider.swift */; };
		5DBD5DD02B2210BD005E8BD2 /* FrenchVerbAPI.swift in Sources */ = {isa = PBXBuildFile; fileRef = 5DBD5DC12B2210BD005E8BD2 /* FrenchVerbAPI.swift */; };
		5DBD5DD12B2210BD005E8BD2 /* API.swift in Sources */ = {isa = PBXBuildFile; fileRef = 5DBD5DC22B2210BD005E8BD2 /* API.swift */; };
		5DBD5DD22B2210BD005E8BD2 /* FrenchVerbInfinitiveModel.swift in Sources */ = {isa = PBXBuildFile; fileRef = 5DBD5DC42B2210BD005E8BD2 /* FrenchVerbInfinitiveModel.swift */; };
		5DBD5DD32B2210BD005E8BD2 /* FrenchVerbParticipeModel.swift in Sources */ = {isa = PBXBuildFile; fileRef = 5DBD5DC52B2210BD005E8BD2 /* FrenchVerbParticipeModel.swift */; };
		5DBD5DD42B2210BD005E8BD2 /* FrenchVerbConditionnelModel.swift in Sources */ = {isa = PBXBuildFile; fileRef = 5DBD5DC62B2210BD005E8BD2 /* FrenchVerbConditionnelModel.swift */; };
		5DBD5DD52B2210BD005E8BD2 /* VerbModel.swift in Sources */ = {isa = PBXBuildFile; fileRef = 5DBD5DC72B2210BD005E8BD2 /* VerbModel.swift */; };
		5DBD5DD62B2210BD005E8BD2 /* example.json in Resources */ = {isa = PBXBuildFile; fileRef = 5DBD5DC82B2210BD005E8BD2 /* example.json */; };
		5DBD5DD72B2210BD005E8BD2 /* FrenchVerbModel.swift in Sources */ = {isa = PBXBuildFile; fileRef = 5DBD5DC92B2210BD005E8BD2 /* FrenchVerbModel.swift */; };
		5DBD5DD82B2210BD005E8BD2 /* UserModel.swift in Sources */ = {isa = PBXBuildFile; fileRef = 5DBD5DCA2B2210BD005E8BD2 /* UserModel.swift */; };
		5DBD5DD92B2210BD005E8BD2 /* FrenchVerbImperatifModel.swift in Sources */ = {isa = PBXBuildFile; fileRef = 5DBD5DCB2B2210BD005E8BD2 /* FrenchVerbImperatifModel.swift */; };
		5DBD5DDA2B2210BD005E8BD2 /* FrenchVerbIndicatifModel.swift in Sources */ = {isa = PBXBuildFile; fileRef = 5DBD5DCC2B2210BD005E8BD2 /* FrenchVerbIndicatifModel.swift */; };
		5DBD5DDB2B2210BD005E8BD2 /* GameModel.swift in Sources */ = {isa = PBXBuildFile; fileRef = 5DBD5DCD2B2210BD005E8BD2 /* GameModel.swift */; };
		5DBD5DDC2B2210BD005E8BD2 /* FrenchVerbSubjonctifModel.swift in Sources */ = {isa = PBXBuildFile; fileRef = 5DBD5DCE2B2210BD005E8BD2 /* FrenchVerbSubjonctifModel.swift */; };
/* End PBXBuildFile section */

/* Begin PBXFileReference section */
		5D0CE3332AFD1D6600065DF2 /* poly.app */ = {isa = PBXFileReference; explicitFileType = wrapper.application; includeInIndex = 0; path = poly.app; sourceTree = BUILT_PRODUCTS_DIR; };
		5D0CE3362AFD1D6600065DF2 /* AppDelegate.swift */ = {isa = PBXFileReference; lastKnownFileType = sourcecode.swift; path = AppDelegate.swift; sourceTree = "<group>"; };
		5D0CE3382AFD1D6600065DF2 /* SceneDelegate.swift */ = {isa = PBXFileReference; lastKnownFileType = sourcecode.swift; path = SceneDelegate.swift; sourceTree = "<group>"; };
		5D0CE33A2AFD1D6600065DF2 /* LogInViewController.swift */ = {isa = PBXFileReference; lastKnownFileType = sourcecode.swift; path = LogInViewController.swift; sourceTree = "<group>"; };
		5D0CE33D2AFD1D6600065DF2 /* Base */ = {isa = PBXFileReference; lastKnownFileType = file.storyboard; name = Base; path = Base.lproj/Main.storyboard; sourceTree = "<group>"; };
		5D0CE3402AFD1D6600065DF2 /* poly.xcdatamodel */ = {isa = PBXFileReference; lastKnownFileType = wrapper.xcdatamodel; path = poly.xcdatamodel; sourceTree = "<group>"; };
		5D0CE3422AFD1D6B00065DF2 /* Assets.xcassets */ = {isa = PBXFileReference; lastKnownFileType = folder.assetcatalog; path = Assets.xcassets; sourceTree = "<group>"; };
		5D0CE3452AFD1D6B00065DF2 /* Base */ = {isa = PBXFileReference; lastKnownFileType = file.storyboard; name = Base; path = Base.lproj/LaunchScreen.storyboard; sourceTree = "<group>"; };
		5D0CE3472AFD1D6B00065DF2 /* Info.plist */ = {isa = PBXFileReference; lastKnownFileType = text.plist.xml; path = Info.plist; sourceTree = "<group>"; };
		5D0CE34D2AFD1EF100065DF2 /* assets */ = {isa = PBXFileReference; lastKnownFileType = folder; path = assets; sourceTree = "<group>"; };
		5D0CE3512AFD288D00065DF2 /* SignUpViewController.swift */ = {isa = PBXFileReference; lastKnownFileType = sourcecode.swift; path = SignUpViewController.swift; sourceTree = "<group>"; };
		5D0CE3532AFD28E800065DF2 /* GameViewController.swift */ = {isa = PBXFileReference; lastKnownFileType = sourcecode.swift; path = GameViewController.swift; sourceTree = "<group>"; };
		5D0CE3552AFD28F400065DF2 /* StudyViewController.swift */ = {isa = PBXFileReference; lastKnownFileType = sourcecode.swift; path = StudyViewController.swift; sourceTree = "<group>"; };
		5D0CE3572AFD290100065DF2 /* ResultViewController.swift */ = {isa = PBXFileReference; lastKnownFileType = sourcecode.swift; path = ResultViewController.swift; sourceTree = "<group>"; };
		5D0CE3592AFD291800065DF2 /* VerbSelectionViewController.swift */ = {isa = PBXFileReference; lastKnownFileType = sourcecode.swift; path = VerbSelectionViewController.swift; sourceTree = "<group>"; };
		5D0CE35C2AFD295700065DF2 /* UserModel.swift */ = {isa = PBXFileReference; lastKnownFileType = sourcecode.swift; path = UserModel.swift; sourceTree = "<group>"; };
		5D0CE35E2AFD296300065DF2 /* VerbModel.swift */ = {isa = PBXFileReference; lastKnownFileType = sourcecode.swift; path = VerbModel.swift; sourceTree = "<group>"; };
		5D57E3FD2B03CAE40079D2ED /* enumSegue.swift */ = {isa = PBXFileReference; lastKnownFileType = sourcecode.swift; path = enumSegue.swift; sourceTree = "<group>"; };
		5D57E3FF2B03D1870079D2ED /* MockData.swift */ = {isa = PBXFileReference; fileEncoding = 4; lastKnownFileType = sourcecode.swift; path = MockData.swift; sourceTree = "<group>"; };
		5D57E4012B03D5610079D2ED /* GameModel.swift */ = {isa = PBXFileReference; fileEncoding = 4; lastKnownFileType = sourcecode.swift; path = GameModel.swift; sourceTree = "<group>"; };
		5D7837162B18D0F30077919D /* UsersProvider.swift */ = {isa = PBXFileReference; lastKnownFileType = sourcecode.swift; path = UsersProvider.swift; sourceTree = "<group>"; };
		5D7837182B18D3A10077919D /* isolateVerb.swift */ = {isa = PBXFileReference; lastKnownFileType = sourcecode.swift; path = isolateVerb.swift; sourceTree = "<group>"; };
		5D78371A2B18D4060077919D /* createDisplayPhrase.swift */ = {isa = PBXFileReference; lastKnownFileType = sourcecode.swift; path = createDisplayPhrase.swift; sourceTree = "<group>"; };
		5D7837802B1F78930077919D /* Context.swift */ = {isa = PBXFileReference; lastKnownFileType = sourcecode.swift; path = Context.swift; sourceTree = "<group>"; };
		5DB9F76D2B1645C600D0B258 /* Toast.swift */ = {isa = PBXFileReference; fileEncoding = 4; lastKnownFileType = sourcecode.swift; path = Toast.swift; sourceTree = "<group>"; };
		5DBD5DBE2B2210BD005E8BD2 /* UsersProvider.swift */ = {isa = PBXFileReference; fileEncoding = 4; lastKnownFileType = sourcecode.swift; path = UsersProvider.swift; sourceTree = "<group>"; };
		5DBD5DC12B2210BD005E8BD2 /* FrenchVerbAPI.swift */ = {isa = PBXFileReference; fileEncoding = 4; lastKnownFileType = sourcecode.swift; path = FrenchVerbAPI.swift; sourceTree = "<group>"; };
		5DBD5DC22B2210BD005E8BD2 /* API.swift */ = {isa = PBXFileReference; fileEncoding = 4; lastKnownFileType = sourcecode.swift; path = API.swift; sourceTree = "<group>"; };
		5DBD5DC42B2210BD005E8BD2 /* FrenchVerbInfinitiveModel.swift */ = {isa = PBXFileReference; fileEncoding = 4; lastKnownFileType = sourcecode.swift; path = FrenchVerbInfinitiveModel.swift; sourceTree = "<group>"; };
		5DBD5DC52B2210BD005E8BD2 /* FrenchVerbParticipeModel.swift */ = {isa = PBXFileReference; fileEncoding = 4; lastKnownFileType = sourcecode.swift; path = FrenchVerbParticipeModel.swift; sourceTree = "<group>"; };
		5DBD5DC62B2210BD005E8BD2 /* FrenchVerbConditionnelModel.swift */ = {isa = PBXFileReference; fileEncoding = 4; lastKnownFileType = sourcecode.swift; path = FrenchVerbConditionnelModel.swift; sourceTree = "<group>"; };
		5DBD5DC72B2210BD005E8BD2 /* VerbModel.swift */ = {isa = PBXFileReference; fileEncoding = 4; lastKnownFileType = sourcecode.swift; path = VerbModel.swift; sourceTree = "<group>"; };
		5DBD5DC82B2210BD005E8BD2 /* example.json */ = {isa = PBXFileReference; fileEncoding = 4; lastKnownFileType = text.json; path = example.json; sourceTree = "<group>"; };
		5DBD5DC92B2210BD005E8BD2 /* FrenchVerbModel.swift */ = {isa = PBXFileReference; fileEncoding = 4; lastKnownFileType = sourcecode.swift; path = FrenchVerbModel.swift; sourceTree = "<group>"; };
		5DBD5DCA2B2210BD005E8BD2 /* UserModel.swift */ = {isa = PBXFileReference; fileEncoding = 4; lastKnownFileType = sourcecode.swift; path = UserModel.swift; sourceTree = "<group>"; };
		5DBD5DCB2B2210BD005E8BD2 /* FrenchVerbImperatifModel.swift */ = {isa = PBXFileReference; fileEncoding = 4; lastKnownFileType = sourcecode.swift; path = FrenchVerbImperatifModel.swift; sourceTree = "<group>"; };
		5DBD5DCC2B2210BD005E8BD2 /* FrenchVerbIndicatifModel.swift */ = {isa = PBXFileReference; fileEncoding = 4; lastKnownFileType = sourcecode.swift; path = FrenchVerbIndicatifModel.swift; sourceTree = "<group>"; };
		5DBD5DCD2B2210BD005E8BD2 /* GameModel.swift */ = {isa = PBXFileReference; fileEncoding = 4; lastKnownFileType = sourcecode.swift; path = GameModel.swift; sourceTree = "<group>"; };
		5DBD5DCE2B2210BD005E8BD2 /* FrenchVerbSubjonctifModel.swift */ = {isa = PBXFileReference; fileEncoding = 4; lastKnownFileType = sourcecode.swift; path = FrenchVerbSubjonctifModel.swift; sourceTree = "<group>"; };
/* End PBXFileReference section */

/* Begin PBXFrameworksBuildPhase section */
		5D0CE3302AFD1D6600065DF2 /* Frameworks */ = {
			isa = PBXFrameworksBuildPhase;
			buildActionMask = 2147483647;
			files = (
			);
			runOnlyForDeploymentPostprocessing = 0;
		};
/* End PBXFrameworksBuildPhase section */

/* Begin PBXGroup section */
		5D0CE32A2AFD1D6600065DF2 = {
			isa = PBXGroup;
			children = (
				5D0CE3352AFD1D6600065DF2 /* poly */,
				5D0CE3342AFD1D6600065DF2 /* Products */,
			);
			sourceTree = "<group>";
		};
		5D0CE3342AFD1D6600065DF2 /* Products */ = {
			isa = PBXGroup;
			children = (
				5D0CE3332AFD1D6600065DF2 /* poly.app */,
			);
			name = Products;
			sourceTree = "<group>";
		};
		5D0CE3352AFD1D6600065DF2 /* poly */ = {
			isa = PBXGroup;
			children = (
				5DBD5DC32B2210BD005E8BD2 /* Model */,
				5DBD5DBD2B2210BD005E8BD2 /* Service */,
				5D78377F2B1F787B0077919D /* Shared */,
				5DB9F76D2B1645C600D0B258 /* Toast.swift */,
				5DB9F7682B1644A300D0B258 /* Helpers */,
				5D57E3FC2B03C38D0079D2ED /* Source */,
				5D57E3FB2B03C2FC0079D2ED /* Service */,
				5D0CE34D2AFD1EF100065DF2 /* assets */,
				5D0CE3362AFD1D6600065DF2 /* AppDelegate.swift */,
				5D0CE3382AFD1D6600065DF2 /* SceneDelegate.swift */,
				5D0CE3502AFD284300065DF2 /* Controller */,
				5D0CE34F2AFD280300065DF2 /* Views */,
				5D0CE35B2AFD292800065DF2 /* Model */,
				5D0CE3442AFD1D6B00065DF2 /* LaunchScreen.storyboard */,
				5D0CE3422AFD1D6B00065DF2 /* Assets.xcassets */,
				5D0CE3472AFD1D6B00065DF2 /* Info.plist */,
				5D0CE33F2AFD1D6600065DF2 /* poly.xcdatamodeld */,
			);
			path = poly;
			sourceTree = "<group>";
		};
		5D0CE34F2AFD280300065DF2 /* Views */ = {
			isa = PBXGroup;
			children = (
				5D0CE33C2AFD1D6600065DF2 /* Main.storyboard */,
			);
			path = Views;
			sourceTree = "<group>";
		};
		5D0CE3502AFD284300065DF2 /* Controller */ = {
			isa = PBXGroup;
			children = (
				5D0CE33A2AFD1D6600065DF2 /* LogInViewController.swift */,
				5D0CE3512AFD288D00065DF2 /* SignUpViewController.swift */,
				5D0CE3532AFD28E800065DF2 /* GameViewController.swift */,
				5D0CE3552AFD28F400065DF2 /* StudyViewController.swift */,
				5D0CE3572AFD290100065DF2 /* ResultViewController.swift */,
				5D0CE3592AFD291800065DF2 /* VerbSelectionViewController.swift */,
			);
			path = Controller;
			sourceTree = "<group>";
		};
		5D0CE35B2AFD292800065DF2 /* Model */ = {
			isa = PBXGroup;
			children = (
				5D57E4012B03D5610079D2ED /* GameModel.swift */,
				5D0CE35C2AFD295700065DF2 /* UserModel.swift */,
				5D0CE35E2AFD296300065DF2 /* VerbModel.swift */,
			);
			path = Model;
			sourceTree = "<group>";
		};
		5D57E3FB2B03C2FC0079D2ED /* Service */ = {
			isa = PBXGroup;
			children = (
				5D7837162B18D0F30077919D /* UsersProvider.swift */,
			);
			path = Service;
			sourceTree = "<group>";
		};
		5D57E3FC2B03C38D0079D2ED /* Source */ = {
			isa = PBXGroup;
			children = (
				5D57E3FF2B03D1870079D2ED /* MockData.swift */,
				5D57E3FD2B03CAE40079D2ED /* enumSegue.swift */,
			);
			path = Source;
			sourceTree = "<group>";
		};
		5D78377F2B1F787B0077919D /* Shared */ = {
			isa = PBXGroup;
			children = (
				5D7837802B1F78930077919D /* Context.swift */,
			);
			path = Shared;
			sourceTree = "<group>";
		};
		5DB9F7682B1644A300D0B258 /* Helpers */ = {
			isa = PBXGroup;
			children = (
				5D7837182B18D3A10077919D /* isolateVerb.swift */,
				5D78371A2B18D4060077919D /* createDisplayPhrase.swift */,
			);
			path = Helpers;
			sourceTree = "<group>";
		};
		5DBD5DBD2B2210BD005E8BD2 /* Service */ = {
			isa = PBXGroup;
			children = (
				5DBD5DBE2B2210BD005E8BD2 /* UsersProvider.swift */,
				5DBD5DBF2B2210BD005E8BD2 /* API */,
			);
			path = Service;
			sourceTree = "<group>";
		};
		5DBD5DBF2B2210BD005E8BD2 /* API */ = {
			isa = PBXGroup;
			children = (
				5DBD5DC02B2210BD005E8BD2 /* FrenchVerbAPI */,
				5DBD5DC22B2210BD005E8BD2 /* API.swift */,
			);
			path = API;
			sourceTree = "<group>";
		};
		5DBD5DC02B2210BD005E8BD2 /* FrenchVerbAPI */ = {
			isa = PBXGroup;
			children = (
				5DBD5DC12B2210BD005E8BD2 /* FrenchVerbAPI.swift */,
			);
			path = FrenchVerbAPI;
			sourceTree = "<group>";
		};
		5DBD5DC32B2210BD005E8BD2 /* Model */ = {
			isa = PBXGroup;
			children = (
				5DBD5DC42B2210BD005E8BD2 /* FrenchVerbInfinitiveModel.swift */,
				5DBD5DC52B2210BD005E8BD2 /* FrenchVerbParticipeModel.swift */,
				5DBD5DC62B2210BD005E8BD2 /* FrenchVerbConditionnelModel.swift */,
				5DBD5DC72B2210BD005E8BD2 /* VerbModel.swift */,
				5DBD5DC82B2210BD005E8BD2 /* example.json */,
				5DBD5DC92B2210BD005E8BD2 /* FrenchVerbModel.swift */,
				5DBD5DCA2B2210BD005E8BD2 /* UserModel.swift */,
				5DBD5DCB2B2210BD005E8BD2 /* FrenchVerbImperatifModel.swift */,
				5DBD5DCC2B2210BD005E8BD2 /* FrenchVerbIndicatifModel.swift */,
				5DBD5DCD2B2210BD005E8BD2 /* GameModel.swift */,
				5DBD5DCE2B2210BD005E8BD2 /* FrenchVerbSubjonctifModel.swift */,
			);
			path = Model;
			sourceTree = "<group>";
		};
/* End PBXGroup section */

/* Begin PBXNativeTarget section */
		5D0CE3322AFD1D6600065DF2 /* poly */ = {
			isa = PBXNativeTarget;
			buildConfigurationList = 5D0CE34A2AFD1D6B00065DF2 /* Build configuration list for PBXNativeTarget "poly" */;
			buildPhases = (
				5D0CE32F2AFD1D6600065DF2 /* Sources */,
				5D0CE3302AFD1D6600065DF2 /* Frameworks */,
				5D0CE3312AFD1D6600065DF2 /* Resources */,
			);
			buildRules = (
			);
			dependencies = (
			);
			name = poly;
			productName = poly;
			productReference = 5D0CE3332AFD1D6600065DF2 /* poly.app */;
			productType = "com.apple.product-type.application";
		};
/* End PBXNativeTarget section */

/* Begin PBXProject section */
		5D0CE32B2AFD1D6600065DF2 /* Project object */ = {
			isa = PBXProject;
			attributes = {
				BuildIndependentTargetsInParallel = 1;
				LastSwiftUpdateCheck = 1430;
				LastUpgradeCheck = 1430;
				TargetAttributes = {
					5D0CE3322AFD1D6600065DF2 = {
						CreatedOnToolsVersion = 14.3;
					};
				};
			};
			buildConfigurationList = 5D0CE32E2AFD1D6600065DF2 /* Build configuration list for PBXProject "poly" */;
			compatibilityVersion = "Xcode 14.0";
			developmentRegion = en;
			hasScannedForEncodings = 0;
			knownRegions = (
				en,
				Base,
			);
			mainGroup = 5D0CE32A2AFD1D6600065DF2;
			productRefGroup = 5D0CE3342AFD1D6600065DF2 /* Products */;
			projectDirPath = "";
			projectRoot = "";
			targets = (
				5D0CE3322AFD1D6600065DF2 /* poly */,
			);
		};
/* End PBXProject section */

/* Begin PBXResourcesBuildPhase section */
		5D0CE3312AFD1D6600065DF2 /* Resources */ = {
			isa = PBXResourcesBuildPhase;
			buildActionMask = 2147483647;
			files = (
				5D0CE3462AFD1D6B00065DF2 /* LaunchScreen.storyboard in Resources */,
				5DBD5DD62B2210BD005E8BD2 /* example.json in Resources */,
				5D0CE34E2AFD1EF100065DF2 /* assets in Resources */,
				5D0CE3432AFD1D6B00065DF2 /* Assets.xcassets in Resources */,
				5D0CE33E2AFD1D6600065DF2 /* Main.storyboard in Resources */,
			);
			runOnlyForDeploymentPostprocessing = 0;
		};
/* End PBXResourcesBuildPhase section */

/* Begin PBXSourcesBuildPhase section */
		5D0CE32F2AFD1D6600065DF2 /* Sources */ = {
			isa = PBXSourcesBuildPhase;
			buildActionMask = 2147483647;
			files = (
				5DBD5DD22B2210BD005E8BD2 /* FrenchVerbInfinitiveModel.swift in Sources */,
				5DBD5DD12B2210BD005E8BD2 /* API.swift in Sources */,
				5D57E3FE2B03CAE40079D2ED /* enumSegue.swift in Sources */,
				5DBD5DD72B2210BD005E8BD2 /* FrenchVerbModel.swift in Sources */,
				5D0CE35A2AFD291800065DF2 /* VerbSelectionViewController.swift in Sources */,
				5DBD5DDB2B2210BD005E8BD2 /* GameModel.swift in Sources */,
				5DB9F76E2B1645C600D0B258 /* Toast.swift in Sources */,
				5DBD5DDC2B2210BD005E8BD2 /* FrenchVerbSubjonctifModel.swift in Sources */,
				5D0CE33B2AFD1D6600065DF2 /* LogInViewController.swift in Sources */,
				5D57E4002B03D1870079D2ED /* MockData.swift in Sources */,
				5D7837172B18D0F30077919D /* UsersProvider.swift in Sources */,
				5DBD5DD52B2210BD005E8BD2 /* VerbModel.swift in Sources */,
				5D78371B2B18D4060077919D /* createDisplayPhrase.swift in Sources */,
				5D0CE3412AFD1D6600065DF2 /* poly.xcdatamodeld in Sources */,
				5D57E4022B03D5610079D2ED /* GameModel.swift in Sources */,
				5DBD5DD92B2210BD005E8BD2 /* FrenchVerbImperatifModel.swift in Sources */,
				5D0CE3562AFD28F400065DF2 /* StudyViewController.swift in Sources */,
				5D0CE3582AFD290100065DF2 /* ResultViewController.swift in Sources */,
				5D0CE3372AFD1D6600065DF2 /* AppDelegate.swift in Sources */,
				5DBD5DD02B2210BD005E8BD2 /* FrenchVerbAPI.swift in Sources */,
				5D0CE3522AFD288D00065DF2 /* SignUpViewController.swift in Sources */,
				5DBD5DD32B2210BD005E8BD2 /* FrenchVerbParticipeModel.swift in Sources */,
				5DBD5DD42B2210BD005E8BD2 /* FrenchVerbConditionnelModel.swift in Sources */,
				5D7837812B1F78930077919D /* Context.swift in Sources */,
				5D0CE3542AFD28E800065DF2 /* GameViewController.swift in Sources */,
				5DBD5DD82B2210BD005E8BD2 /* UserModel.swift in Sources */,
				5D0CE35F2AFD296300065DF2 /* VerbModel.swift in Sources */,
				5D7837192B18D3A10077919D /* isolateVerb.swift in Sources */,
				5DBD5DDA2B2210BD005E8BD2 /* FrenchVerbIndicatifModel.swift in Sources */,
				5D0CE35D2AFD295700065DF2 /* UserModel.swift in Sources */,
				5D0CE3392AFD1D6600065DF2 /* SceneDelegate.swift in Sources */,
				5DBD5DCF2B2210BD005E8BD2 /* UsersProvider.swift in Sources */,
			);
			runOnlyForDeploymentPostprocessing = 0;
		};
/* End PBXSourcesBuildPhase section */

/* Begin PBXVariantGroup section */
		5D0CE33C2AFD1D6600065DF2 /* Main.storyboard */ = {
			isa = PBXVariantGroup;
			children = (
				5D0CE33D2AFD1D6600065DF2 /* Base */,
			);
			name = Main.storyboard;
			sourceTree = "<group>";
		};
		5D0CE3442AFD1D6B00065DF2 /* LaunchScreen.storyboard */ = {
			isa = PBXVariantGroup;
			children = (
				5D0CE3452AFD1D6B00065DF2 /* Base */,
			);
			name = LaunchScreen.storyboard;
			sourceTree = "<group>";
		};
/* End PBXVariantGroup section */

/* Begin XCBuildConfiguration section */
		5D0CE3482AFD1D6B00065DF2 /* Debug */ = {
			isa = XCBuildConfiguration;
			buildSettings = {
				ALWAYS_SEARCH_USER_PATHS = NO;
				CLANG_ANALYZER_NONNULL = YES;
				CLANG_ANALYZER_NUMBER_OBJECT_CONVERSION = YES_AGGRESSIVE;
				CLANG_CXX_LANGUAGE_STANDARD = "gnu++20";
				CLANG_ENABLE_MODULES = YES;
				CLANG_ENABLE_OBJC_ARC = YES;
				CLANG_ENABLE_OBJC_WEAK = YES;
				CLANG_WARN_BLOCK_CAPTURE_AUTORELEASING = YES;
				CLANG_WARN_BOOL_CONVERSION = YES;
				CLANG_WARN_COMMA = YES;
				CLANG_WARN_CONSTANT_CONVERSION = YES;
				CLANG_WARN_DEPRECATED_OBJC_IMPLEMENTATIONS = YES;
				CLANG_WARN_DIRECT_OBJC_ISA_USAGE = YES_ERROR;
				CLANG_WARN_DOCUMENTATION_COMMENTS = YES;
				CLANG_WARN_EMPTY_BODY = YES;
				CLANG_WARN_ENUM_CONVERSION = YES;
				CLANG_WARN_INFINITE_RECURSION = YES;
				CLANG_WARN_INT_CONVERSION = YES;
				CLANG_WARN_NON_LITERAL_NULL_CONVERSION = YES;
				CLANG_WARN_OBJC_IMPLICIT_RETAIN_SELF = YES;
				CLANG_WARN_OBJC_LITERAL_CONVERSION = YES;
				CLANG_WARN_OBJC_ROOT_CLASS = YES_ERROR;
				CLANG_WARN_QUOTED_INCLUDE_IN_FRAMEWORK_HEADER = YES;
				CLANG_WARN_RANGE_LOOP_ANALYSIS = YES;
				CLANG_WARN_STRICT_PROTOTYPES = YES;
				CLANG_WARN_SUSPICIOUS_MOVE = YES;
				CLANG_WARN_UNGUARDED_AVAILABILITY = YES_AGGRESSIVE;
				CLANG_WARN_UNREACHABLE_CODE = YES;
				CLANG_WARN__DUPLICATE_METHOD_MATCH = YES;
				COPY_PHASE_STRIP = NO;
				DEBUG_INFORMATION_FORMAT = dwarf;
				ENABLE_STRICT_OBJC_MSGSEND = YES;
				ENABLE_TESTABILITY = YES;
				GCC_C_LANGUAGE_STANDARD = gnu11;
				GCC_DYNAMIC_NO_PIC = NO;
				GCC_NO_COMMON_BLOCKS = YES;
				GCC_OPTIMIZATION_LEVEL = 0;
				GCC_PREPROCESSOR_DEFINITIONS = (
					"DEBUG=1",
					"$(inherited)",
				);
				GCC_WARN_64_TO_32_BIT_CONVERSION = YES;
				GCC_WARN_ABOUT_RETURN_TYPE = YES_ERROR;
				GCC_WARN_UNDECLARED_SELECTOR = YES;
				GCC_WARN_UNINITIALIZED_AUTOS = YES_AGGRESSIVE;
				GCC_WARN_UNUSED_FUNCTION = YES;
				GCC_WARN_UNUSED_VARIABLE = YES;
				IPHONEOS_DEPLOYMENT_TARGET = 16.4;
				MTL_ENABLE_DEBUG_INFO = INCLUDE_SOURCE;
				MTL_FAST_MATH = YES;
				ONLY_ACTIVE_ARCH = YES;
				SDKROOT = iphoneos;
				SWIFT_ACTIVE_COMPILATION_CONDITIONS = DEBUG;
				SWIFT_OPTIMIZATION_LEVEL = "-Onone";
			};
			name = Debug;
		};
		5D0CE3492AFD1D6B00065DF2 /* Release */ = {
			isa = XCBuildConfiguration;
			buildSettings = {
				ALWAYS_SEARCH_USER_PATHS = NO;
				CLANG_ANALYZER_NONNULL = YES;
				CLANG_ANALYZER_NUMBER_OBJECT_CONVERSION = YES_AGGRESSIVE;
				CLANG_CXX_LANGUAGE_STANDARD = "gnu++20";
				CLANG_ENABLE_MODULES = YES;
				CLANG_ENABLE_OBJC_ARC = YES;
				CLANG_ENABLE_OBJC_WEAK = YES;
				CLANG_WARN_BLOCK_CAPTURE_AUTORELEASING = YES;
				CLANG_WARN_BOOL_CONVERSION = YES;
				CLANG_WARN_COMMA = YES;
				CLANG_WARN_CONSTANT_CONVERSION = YES;
				CLANG_WARN_DEPRECATED_OBJC_IMPLEMENTATIONS = YES;
				CLANG_WARN_DIRECT_OBJC_ISA_USAGE = YES_ERROR;
				CLANG_WARN_DOCUMENTATION_COMMENTS = YES;
				CLANG_WARN_EMPTY_BODY = YES;
				CLANG_WARN_ENUM_CONVERSION = YES;
				CLANG_WARN_INFINITE_RECURSION = YES;
				CLANG_WARN_INT_CONVERSION = YES;
				CLANG_WARN_NON_LITERAL_NULL_CONVERSION = YES;
				CLANG_WARN_OBJC_IMPLICIT_RETAIN_SELF = YES;
				CLANG_WARN_OBJC_LITERAL_CONVERSION = YES;
				CLANG_WARN_OBJC_ROOT_CLASS = YES_ERROR;
				CLANG_WARN_QUOTED_INCLUDE_IN_FRAMEWORK_HEADER = YES;
				CLANG_WARN_RANGE_LOOP_ANALYSIS = YES;
				CLANG_WARN_STRICT_PROTOTYPES = YES;
				CLANG_WARN_SUSPICIOUS_MOVE = YES;
				CLANG_WARN_UNGUARDED_AVAILABILITY = YES_AGGRESSIVE;
				CLANG_WARN_UNREACHABLE_CODE = YES;
				CLANG_WARN__DUPLICATE_METHOD_MATCH = YES;
				COPY_PHASE_STRIP = NO;
				DEBUG_INFORMATION_FORMAT = "dwarf-with-dsym";
				ENABLE_NS_ASSERTIONS = NO;
				ENABLE_STRICT_OBJC_MSGSEND = YES;
				GCC_C_LANGUAGE_STANDARD = gnu11;
				GCC_NO_COMMON_BLOCKS = YES;
				GCC_WARN_64_TO_32_BIT_CONVERSION = YES;
				GCC_WARN_ABOUT_RETURN_TYPE = YES_ERROR;
				GCC_WARN_UNDECLARED_SELECTOR = YES;
				GCC_WARN_UNINITIALIZED_AUTOS = YES_AGGRESSIVE;
				GCC_WARN_UNUSED_FUNCTION = YES;
				GCC_WARN_UNUSED_VARIABLE = YES;
				IPHONEOS_DEPLOYMENT_TARGET = 16.4;
				MTL_ENABLE_DEBUG_INFO = NO;
				MTL_FAST_MATH = YES;
				SDKROOT = iphoneos;
				SWIFT_COMPILATION_MODE = wholemodule;
				SWIFT_OPTIMIZATION_LEVEL = "-O";
				VALIDATE_PRODUCT = YES;
			};
			name = Release;
		};
		5D0CE34B2AFD1D6B00065DF2 /* Debug */ = {
			isa = XCBuildConfiguration;
			buildSettings = {
				ASSETCATALOG_COMPILER_APPICON_NAME = AppIcon;
				ASSETCATALOG_COMPILER_GLOBAL_ACCENT_COLOR_NAME = AccentColor;
				CODE_SIGN_STYLE = Automatic;
				CURRENT_PROJECT_VERSION = 1;
				GENERATE_INFOPLIST_FILE = YES;
				INFOPLIST_FILE = poly/Info.plist;
				INFOPLIST_KEY_UIApplicationSupportsIndirectInputEvents = YES;
				INFOPLIST_KEY_UILaunchStoryboardName = LaunchScreen;
				INFOPLIST_KEY_UIMainStoryboardFile = Main;
				INFOPLIST_KEY_UISupportedInterfaceOrientations_iPad = "UIInterfaceOrientationPortrait UIInterfaceOrientationPortraitUpsideDown UIInterfaceOrientationLandscapeLeft UIInterfaceOrientationLandscapeRight";
				INFOPLIST_KEY_UISupportedInterfaceOrientations_iPhone = "UIInterfaceOrientationPortrait UIInterfaceOrientationLandscapeLeft UIInterfaceOrientationLandscapeRight";
				LD_RUNPATH_SEARCH_PATHS = (
					"$(inherited)",
					"@executable_path/Frameworks",
				);
				MARKETING_VERSION = 1.0;
				PRODUCT_BUNDLE_IDENTIFIER = com.lasalle.poly;
				PRODUCT_NAME = "$(TARGET_NAME)";
				SWIFT_EMIT_LOC_STRINGS = YES;
				SWIFT_VERSION = 5.0;
				TARGETED_DEVICE_FAMILY = "1,2";
			};
			name = Debug;
		};
		5D0CE34C2AFD1D6B00065DF2 /* Release */ = {
			isa = XCBuildConfiguration;
			buildSettings = {
				ASSETCATALOG_COMPILER_APPICON_NAME = AppIcon;
				ASSETCATALOG_COMPILER_GLOBAL_ACCENT_COLOR_NAME = AccentColor;
				CODE_SIGN_STYLE = Automatic;
				CURRENT_PROJECT_VERSION = 1;
				GENERATE_INFOPLIST_FILE = YES;
				INFOPLIST_FILE = poly/Info.plist;
				INFOPLIST_KEY_UIApplicationSupportsIndirectInputEvents = YES;
				INFOPLIST_KEY_UILaunchStoryboardName = LaunchScreen;
				INFOPLIST_KEY_UIMainStoryboardFile = Main;
				INFOPLIST_KEY_UISupportedInterfaceOrientations_iPad = "UIInterfaceOrientationPortrait UIInterfaceOrientationPortraitUpsideDown UIInterfaceOrientationLandscapeLeft UIInterfaceOrientationLandscapeRight";
				INFOPLIST_KEY_UISupportedInterfaceOrientations_iPhone = "UIInterfaceOrientationPortrait UIInterfaceOrientationLandscapeLeft UIInterfaceOrientationLandscapeRight";
				LD_RUNPATH_SEARCH_PATHS = (
					"$(inherited)",
					"@executable_path/Frameworks",
				);
				MARKETING_VERSION = 1.0;
				PRODUCT_BUNDLE_IDENTIFIER = com.lasalle.poly;
				PRODUCT_NAME = "$(TARGET_NAME)";
				SWIFT_EMIT_LOC_STRINGS = YES;
				SWIFT_VERSION = 5.0;
				TARGETED_DEVICE_FAMILY = "1,2";
			};
			name = Release;
		};
/* End XCBuildConfiguration section */

/* Begin XCConfigurationList section */
		5D0CE32E2AFD1D6600065DF2 /* Build configuration list for PBXProject "poly" */ = {
			isa = XCConfigurationList;
			buildConfigurations = (
				5D0CE3482AFD1D6B00065DF2 /* Debug */,
				5D0CE3492AFD1D6B00065DF2 /* Release */,
			);
			defaultConfigurationIsVisible = 0;
			defaultConfigurationName = Release;
		};
		5D0CE34A2AFD1D6B00065DF2 /* Build configuration list for PBXNativeTarget "poly" */ = {
			isa = XCConfigurationList;
			buildConfigurations = (
				5D0CE34B2AFD1D6B00065DF2 /* Debug */,
				5D0CE34C2AFD1D6B00065DF2 /* Release */,
			);
			defaultConfigurationIsVisible = 0;
			defaultConfigurationName = Release;
		};
/* End XCConfigurationList section */

/* Begin XCVersionGroup section */
		5D0CE33F2AFD1D6600065DF2 /* poly.xcdatamodeld */ = {
			isa = XCVersionGroup;
			children = (
				5D0CE3402AFD1D6600065DF2 /* poly.xcdatamodel */,
			);
			currentVersion = 5D0CE3402AFD1D6600065DF2 /* poly.xcdatamodel */;
			path = poly.xcdatamodeld;
			sourceTree = "<group>";
			versionGroupType = wrapper.xcdatamodel;
		};
/* End XCVersionGroup section */
	};
	rootObject = 5D0CE32B2AFD1D6600065DF2 /* Project object */;
}
